
Microsoft Visual Studio Solution File, Format Version 12.00
# Visual Studio Version 17
VisualStudioVersion = 17.0.31903.59
MinimumVisualStudioVersion = 10.0.40219.1
Project("{2150E333-8FDC-42A3-9474-1A3956D46DE8}") = "src", "src", "{2805AD9E-9EE3-4F85-914D-302251CD89A9}"
EndProject
Project("{2150E333-8FDC-42A3-9474-1A3956D46DE8}") = "Application", "Application", "{00A43EED-0478-41DA-B711-0FA2A46125BD}"
EndProject
Project("{FAE04EC0-301F-11D3-BF4B-00C04F79EFBC}") = "HourChecker.Application.App", "src\Application\HourChecker.Application.App\HourChecker.Application.App.csproj", "{AA83D400-5258-4087-BA87-DC5A67DAFF27}"
EndProject
Global
	GlobalSection(SolutionConfigurationPlatforms) = preSolution
		Debug|Any CPU = Debug|Any CPU
		Release|Any CPU = Release|Any CPU
	EndGlobalSection
	GlobalSection(SolutionProperties) = preSolution
		HideSolutionNode = FALSE
	EndGlobalSection
	GlobalSection(ProjectConfigurationPlatforms) = postSolution
		{AA83D400-5258-4087-BA87-DC5A67DAFF27}.Debug|Any CPU.ActiveCfg = Debug|Any CPU
		{AA83D400-5258-4087-BA87-DC5A67DAFF27}.Debug|Any CPU.Build.0 = Debug|Any CPU
		{AA83D400-5258-4087-BA87-DC5A67DAFF27}.Release|Any CPU.ActiveCfg = Release|Any CPU
		{AA83D400-5258-4087-BA87-DC5A67DAFF27}.Release|Any CPU.Build.0 = Release|Any CPU
	EndGlobalSection
	GlobalSection(NestedProjects) = preSolution
		{00A43EED-0478-41DA-B711-0FA2A46125BD} = {2805AD9E-9EE3-4F85-914D-302251CD89A9}
		{AA83D400-5258-4087-BA87-DC5A67DAFF27} = {00A43EED-0478-41DA-B711-0FA2A46125BD}
	EndGlobalSection
EndGlobal
